
Microsoft Visual Studio Solution File, Format Version 12.00
# Visual Studio 15
VisualStudioVersion = 15.0.28307.1231
MinimumVisualStudioVersion = 10.0.40219.1
Project("{FAE04EC0-301F-11D3-BF4B-00C04F79EFBC}") = "Tech.ApplicatonProcess.Lowesttariff2020.Web", "Tech.ApplicatonProcess.Lowesttariff2020.Web\Tech.ApplicatonProcess.Lowesttariff2020.Web.csproj", "{40EA6A26-47ED-4970-B071-9BF8D02FED65}"
EndProject
Global
	GlobalSection(SolutionConfigurationPlatforms) = preSolution
		Debug|Any CPU = Debug|Any CPU
		Release|Any CPU = Release|Any CPU
	EndGlobalSection
	GlobalSection(ProjectConfigurationPlatforms) = postSolution
		{40EA6A26-47ED-4970-B071-9BF8D02FED65}.Debug|Any CPU.ActiveCfg = Debug|Any CPU
		{40EA6A26-47ED-4970-B071-9BF8D02FED65}.Debug|Any CPU.Build.0 = Debug|Any CPU
		{40EA6A26-47ED-4970-B071-9BF8D02FED65}.Release|Any CPU.ActiveCfg = Release|Any CPU
		{40EA6A26-47ED-4970-B071-9BF8D02FED65}.Release|Any CPU.Build.0 = Release|Any CPU
	EndGlobalSection
	GlobalSection(SolutionProperties) = preSolution
		HideSolutionNode = FALSE
	EndGlobalSection
	GlobalSection(ExtensibilityGlobals) = postSolution
		SolutionGuid = {54D77BE6-E737-4C72-A81B-456D6C1B1544}
	EndGlobalSection
EndGlobal
